
Microsoft Visual Studio Solution File, Format Version 12.00
# Visual Studio Version 17
VisualStudioVersion = 17.11.35327.3
MinimumVisualStudioVersion = 10.0.40219.1
Project("{FAE04EC0-301F-11D3-BF4B-00C04F79EFBC}") = "SuperShopManagementSystem", "SuperShopManagementSystem\SuperShopManagementSystem.csproj", "{224A1775-50E0-457B-858E-3830A998FA80}"
EndProject
Global
	GlobalSection(SolutionConfigurationPlatforms) = preSolution
		Debug|Any CPU = Debug|Any CPU
		Release|Any CPU = Release|Any CPU
	EndGlobalSection
	GlobalSection(ProjectConfigurationPlatforms) = postSolution
		{224A1775-50E0-457B-858E-3830A998FA80}.Debug|Any CPU.ActiveCfg = Debug|Any CPU
		{224A1775-50E0-457B-858E-3830A998FA80}.Debug|Any CPU.Build.0 = Debug|Any CPU
		{224A1775-50E0-457B-858E-3830A998FA80}.Release|Any CPU.ActiveCfg = Release|Any CPU
		{224A1775-50E0-457B-858E-3830A998FA80}.Release|Any CPU.Build.0 = Release|Any CPU
	EndGlobalSection
	GlobalSection(SolutionProperties) = preSolution
		HideSolutionNode = FALSE
	EndGlobalSection
	GlobalSection(ExtensibilityGlobals) = postSolution
		SolutionGuid = {0E8EBB7F-F5D3-45BB-9319-343D0940EE3D}
	EndGlobalSection
EndGlobal
